// !$*UTF8*$!
{
	archiveVersion = 1;
	classes = {
	};
	objectVersion = 48;
	objects = {

/* Begin PBXBuildFile section */
		A1F4EF66204DDDB1007ECC6A /* AppDelegate.swift in Sources */ = {isa = PBXBuildFile; fileRef = A1F4EF65204DDDB1007ECC6A /* AppDelegate.swift */; };
		A1F4EF6B204DDDB1007ECC6A /* Main.storyboard in Resources */ = {isa = PBXBuildFile; fileRef = A1F4EF69204DDDB1007ECC6A /* Main.storyboard */; };
		A1F4EF6D204DDDB1007ECC6A /* Assets.xcassets in Resources */ = {isa = PBXBuildFile; fileRef = A1F4EF6C204DDDB1007ECC6A /* Assets.xcassets */; };
		A1F4EF70204DDDB1007ECC6A /* LaunchScreen.storyboard in Resources */ = {isa = PBXBuildFile; fileRef = A1F4EF6E204DDDB1007ECC6A /* LaunchScreen.storyboard */; };
		A1F4EF78204DDF6D007ECC6A /* FavoritesList.swift in Sources */ = {isa = PBXBuildFile; fileRef = A1F4EF77204DDF6D007ECC6A /* FavoritesList.swift */; };
		A1F4EF7A204DE25B007ECC6A /* RootViewController.swift in Sources */ = {isa = PBXBuildFile; fileRef = A1F4EF79204DE25B007ECC6A /* RootViewController.swift */; };
		A1F4EF7C205093FC007ECC6A /* FontListViewController.swift in Sources */ = {isa = PBXBuildFile; fileRef = A1F4EF7B205093FC007ECC6A /* FontListViewController.swift */; };
		A1F4EF7E205312C5007ECC6A /* FontSizeViewController.swift in Sources */ = {isa = PBXBuildFile; fileRef = A1F4EF7D205312C5007ECC6A /* FontSizeViewController.swift */; };
		A1F4EF80205316A9007ECC6A /* FontInfoViewController.swift in Sources */ = {isa = PBXBuildFile; fileRef = A1F4EF7F205316A9007ECC6A /* FontInfoViewController.swift */; };
/* End PBXBuildFile section */

/* Begin PBXFileReference section */
		A1F4EF62204DDDB1007ECC6A /* FontsNavigationController.app */ = {isa = PBXFileReference; explicitFileType = wrapper.application; includeInIndex = 0; path = FontsNavigationController.app; sourceTree = BUILT_PRODUCTS_DIR; };
		A1F4EF65204DDDB1007ECC6A /* AppDelegate.swift */ = {isa = PBXFileReference; lastKnownFileType = sourcecode.swift; path = AppDelegate.swift; sourceTree = "<group>"; };
		A1F4EF6A204DDDB1007ECC6A /* Base */ = {isa = PBXFileReference; lastKnownFileType = file.storyboard; name = Base; path = Base.lproj/Main.storyboard; sourceTree = "<group>"; };
		A1F4EF6C204DDDB1007ECC6A /* Assets.xcassets */ = {isa = PBXFileReference; lastKnownFileType = folder.assetcatalog; path = Assets.xcassets; sourceTree = "<group>"; };
		A1F4EF6F204DDDB1007ECC6A /* Base */ = {isa = PBXFileReference; lastKnownFileType = file.storyboard; name = Base; path = Base.lproj/LaunchScreen.storyboard; sourceTree = "<group>"; };
		A1F4EF71204DDDB1007ECC6A /* Info.plist */ = {isa = PBXFileReference; lastKnownFileType = text.plist.xml; path = Info.plist; sourceTree = "<group>"; };
		A1F4EF77204DDF6D007ECC6A /* FavoritesList.swift */ = {isa = PBXFileReference; lastKnownFileType = sourcecode.swift; path = FavoritesList.swift; sourceTree = "<group>"; };
		A1F4EF79204DE25B007ECC6A /* RootViewController.swift */ = {isa = PBXFileReference; lastKnownFileType = sourcecode.swift; path = RootViewController.swift; sourceTree = "<group>"; };
		A1F4EF7B205093FC007ECC6A /* FontListViewController.swift */ = {isa = PBXFileReference; lastKnownFileType = sourcecode.swift; path = FontListViewController.swift; sourceTree = "<group>"; };
		A1F4EF7D205312C5007ECC6A /* FontSizeViewController.swift */ = {isa = PBXFileReference; lastKnownFileType = sourcecode.swift; path = FontSizeViewController.swift; sourceTree = "<group>"; };
		A1F4EF7F205316A9007ECC6A /* FontInfoViewController.swift */ = {isa = PBXFileReference; lastKnownFileType = sourcecode.swift; path = FontInfoViewController.swift; sourceTree = "<group>"; };
/* End PBXFileReference section */

/* Begin PBXFrameworksBuildPhase section */
		A1F4EF5F204DDDB1007ECC6A /* Frameworks */ = {
			isa = PBXFrameworksBuildPhase;
			buildActionMask = 2147483647;
			files = (
			);
			runOnlyForDeploymentPostprocessing = 0;
		};
/* End PBXFrameworksBuildPhase section */

/* Begin PBXGroup section */
		A1F4EF59204DDDB1007ECC6A = {
			isa = PBXGroup;
			children = (
				A1F4EF64204DDDB1007ECC6A /* FontsNavigationController */,
				A1F4EF63204DDDB1007ECC6A /* Products */,
			);
			sourceTree = "<group>";
		};
		A1F4EF63204DDDB1007ECC6A /* Products */ = {
			isa = PBXGroup;
			children = (
				A1F4EF62204DDDB1007ECC6A /* FontsNavigationController.app */,
			);
			name = Products;
			sourceTree = "<group>";
		};
		A1F4EF64204DDDB1007ECC6A /* FontsNavigationController */ = {
			isa = PBXGroup;
			children = (
				A1F4EF65204DDDB1007ECC6A /* AppDelegate.swift */,
				A1F4EF69204DDDB1007ECC6A /* Main.storyboard */,
				A1F4EF6C204DDDB1007ECC6A /* Assets.xcassets */,
				A1F4EF6E204DDDB1007ECC6A /* LaunchScreen.storyboard */,
				A1F4EF71204DDDB1007ECC6A /* Info.plist */,
				A1F4EF77204DDF6D007ECC6A /* FavoritesList.swift */,
				A1F4EF79204DE25B007ECC6A /* RootViewController.swift */,
				A1F4EF7B205093FC007ECC6A /* FontListViewController.swift */,
				A1F4EF7D205312C5007ECC6A /* FontSizeViewController.swift */,
				A1F4EF7F205316A9007ECC6A /* FontInfoViewController.swift */,
			);
			path = FontsNavigationController;
			sourceTree = "<group>";
		};
/* End PBXGroup section */

/* Begin PBXNativeTarget section */
		A1F4EF61204DDDB1007ECC6A /* FontsNavigationController */ = {
			isa = PBXNativeTarget;
			buildConfigurationList = A1F4EF74204DDDB1007ECC6A /* Build configuration list for PBXNativeTarget "FontsNavigationController" */;
			buildPhases = (
				A1F4EF5E204DDDB1007ECC6A /* Sources */,
				A1F4EF5F204DDDB1007ECC6A /* Frameworks */,
				A1F4EF60204DDDB1007ECC6A /* Resources */,
			);
			buildRules = (
			);
			dependencies = (
			);
			name = FontsNavigationController;
			productName = FontsNavigationController;
			productReference = A1F4EF62204DDDB1007ECC6A /* FontsNavigationController.app */;
			productType = "com.apple.product-type.application";
		};
/* End PBXNativeTarget section */

/* Begin PBXProject section */
		A1F4EF5A204DDDB1007ECC6A /* Project object */ = {
			isa = PBXProject;
			attributes = {
				LastSwiftUpdateCheck = 0920;
				LastUpgradeCheck = 0920;
				ORGANIZATIONNAME = Emily;
				TargetAttributes = {
					A1F4EF61204DDDB1007ECC6A = {
						CreatedOnToolsVersion = 9.2;
						ProvisioningStyle = Automatic;
					};
				};
			};
			buildConfigurationList = A1F4EF5D204DDDB1007ECC6A /* Build configuration list for PBXProject "FontsNavigationController" */;
			compatibilityVersion = "Xcode 8.0";
			developmentRegion = en;
			hasScannedForEncodings = 0;
			knownRegions = (
				en,
				Base,
			);
			mainGroup = A1F4EF59204DDDB1007ECC6A;
			productRefGroup = A1F4EF63204DDDB1007ECC6A /* Products */;
			projectDirPath = "";
			projectRoot = "";
			targets = (
				A1F4EF61204DDDB1007ECC6A /* FontsNavigationController */,
			);
		};
/* End PBXProject section */

/* Begin PBXResourcesBuildPhase section */
		A1F4EF60204DDDB1007ECC6A /* Resources */ = {
			isa = PBXResourcesBuildPhase;
			buildActionMask = 2147483647;
			files = (
				A1F4EF70204DDDB1007ECC6A /* LaunchScreen.storyboard in Resources */,
				A1F4EF6D204DDDB1007ECC6A /* Assets.xcassets in Resources */,
				A1F4EF6B204DDDB1007ECC6A /* Main.storyboard in Resources */,
			);
			runOnlyForDeploymentPostprocessing = 0;
		};
/* End PBXResourcesBuildPhase section */

/* Begin PBXSourcesBuildPhase section */
		A1F4EF5E204DDDB1007ECC6A /* Sources */ = {
			isa = PBXSourcesBuildPhase;
			buildActionMask = 2147483647;
			files = (
				A1F4EF7E205312C5007ECC6A /* FontSizeViewController.swift in Sources */,
				A1F4EF66204DDDB1007ECC6A /* AppDelegate.swift in Sources */,
				A1F4EF7C205093FC007ECC6A /* FontListViewController.swift in Sources */,
				A1F4EF80205316A9007ECC6A /* FontInfoViewController.swift in Sources */,
				A1F4EF78204DDF6D007ECC6A /* FavoritesList.swift in Sources */,
				A1F4EF7A204DE25B007ECC6A /* RootViewController.swift in Sources */,
			);
			runOnlyForDeploymentPostprocessing = 0;
		};
/* End PBXSourcesBuildPhase section */

/* Begin PBXVariantGroup section */
		A1F4EF69204DDDB1007ECC6A /* Main.storyboard */ = {
			isa = PBXVariantGroup;
			children = (
				A1F4EF6A204DDDB1007ECC6A /* Base */,
			);
			name = Main.storyboard;
			sourceTree = "<group>";
		};
		A1F4EF6E204DDDB1007ECC6A /* LaunchScreen.storyboard */ = {
			isa = PBXVariantGroup;
			children = (
				A1F4EF6F204DDDB1007ECC6A /* Base */,
			);
			name = LaunchScreen.storyboard;
			sourceTree = "<group>";
		};
/* End PBXVariantGroup section */

/* Begin XCBuildConfiguration section */
		A1F4EF72204DDDB1007ECC6A /* Debug */ = {
			isa = XCBuildConfiguration;
			buildSettings = {
				ALWAYS_SEARCH_USER_PATHS = NO;
				CLANG_ANALYZER_NONNULL = YES;
				CLANG_ANALYZER_NUMBER_OBJECT_CONVERSION = YES_AGGRESSIVE;
				CLANG_CXX_LANGUAGE_STANDARD = "gnu++14";
				CLANG_CXX_LIBRARY = "libc++";
				CLANG_ENABLE_MODULES = YES;
				CLANG_ENABLE_OBJC_ARC = YES;
				CLANG_WARN_BLOCK_CAPTURE_AUTORELEASING = YES;
				CLANG_WARN_BOOL_CONVERSION = YES;
				CLANG_WARN_COMMA = YES;
				CLANG_WARN_CONSTANT_CONVERSION = YES;
				CLANG_WARN_DIRECT_OBJC_ISA_USAGE = YES_ERROR;
				CLANG_WARN_DOCUMENTATION_COMMENTS = YES;
				CLANG_WARN_EMPTY_BODY = YES;
				CLANG_WARN_ENUM_CONVERSION = YES;
				CLANG_WARN_INFINITE_RECURSION = YES;
				CLANG_WARN_INT_CONVERSION = YES;
				CLANG_WARN_NON_LITERAL_NULL_CONVERSION = YES;
				CLANG_WARN_OBJC_LITERAL_CONVERSION = YES;
				CLANG_WARN_OBJC_ROOT_CLASS = YES_ERROR;
				CLANG_WARN_RANGE_LOOP_ANALYSIS = YES;
				CLANG_WARN_STRICT_PROTOTYPES = YES;
				CLANG_WARN_SUSPICIOUS_MOVE = YES;
				CLANG_WARN_UNGUARDED_AVAILABILITY = YES_AGGRESSIVE;
				CLANG_WARN_UNREACHABLE_CODE = YES;
				CLANG_WARN__DUPLICATE_METHOD_MATCH = YES;
				CODE_SIGN_IDENTITY = "iPhone Developer";
				COPY_PHASE_STRIP = NO;
				DEBUG_INFORMATION_FORMAT = dwarf;
				ENABLE_STRICT_OBJC_MSGSEND = YES;
				ENABLE_TESTABILITY = YES;
				GCC_C_LANGUAGE_STANDARD = gnu11;
				GCC_DYNAMIC_NO_PIC = NO;
				GCC_NO_COMMON_BLOCKS = YES;
				GCC_OPTIMIZATION_LEVEL = 0;
				GCC_PREPROCESSOR_DEFINITIONS = (
					"DEBUG=1",
					"$(inherited)",
				);
				GCC_WARN_64_TO_32_BIT_CONVERSION = YES;
				GCC_WARN_ABOUT_RETURN_TYPE = YES_ERROR;
				GCC_WARN_UNDECLARED_SELECTOR = YES;
				GCC_WARN_UNINITIALIZED_AUTOS = YES_AGGRESSIVE;
				GCC_WARN_UNUSED_FUNCTION = YES;
				GCC_WARN_UNUSED_VARIABLE = YES;
				IPHONEOS_DEPLOYMENT_TARGET = 11.2;
				MTL_ENABLE_DEBUG_INFO = YES;
				ONLY_ACTIVE_ARCH = YES;
				SDKROOT = iphoneos;
				SWIFT_ACTIVE_COMPILATION_CONDITIONS = DEBUG;
				SWIFT_OPTIMIZATION_LEVEL = "-Onone";
			};
			name = Debug;
		};
		A1F4EF73204DDDB1007ECC6A /* Release */ = {
			isa = XCBuildConfiguration;
			buildSettings = {
				ALWAYS_SEARCH_USER_PATHS = NO;
				CLANG_ANALYZER_NONNULL = YES;
				CLANG_ANALYZER_NUMBER_OBJECT_CONVERSION = YES_AGGRESSIVE;
				CLANG_CXX_LANGUAGE_STANDARD = "gnu++14";
				CLANG_CXX_LIBRARY = "libc++";
				CLANG_ENABLE_MODULES = YES;
				CLANG_ENABLE_OBJC_ARC = YES;
				CLANG_WARN_BLOCK_CAPTURE_AUTORELEASING = YES;
				CLANG_WARN_BOOL_CONVERSION = YES;
				CLANG_WARN_COMMA = YES;
				CLANG_WARN_CONSTANT_CONVERSION = YES;
				CLANG_WARN_DIRECT_OBJC_ISA_USAGE = YES_ERROR;
				CLANG_WARN_DOCUMENTATION_COMMENTS = YES;
				CLANG_WARN_EMPTY_BODY = YES;
				CLANG_WARN_ENUM_CONVERSION = YES;
				CLANG_WARN_INFINITE_RECURSION = YES;
				CLANG_WARN_INT_CONVERSION = YES;
				CLANG_WARN_NON_LITERAL_NULL_CONVERSION = YES;
				CLANG_WARN_OBJC_LITERAL_CONVERSION = YES;
				CLANG_WARN_OBJC_ROOT_CLASS = YES_ERROR;
				CLANG_WARN_RANGE_LOOP_ANALYSIS = YES;
				CLANG_WARN_STRICT_PROTOTYPES = YES;
				CLANG_WARN_SUSPICIOUS_MOVE = YES;
				CLANG_WARN_UNGUARDED_AVAILABILITY = YES_AGGRESSIVE;
				CLANG_WARN_UNREACHABLE_CODE = YES;
				CLANG_WARN__DUPLICATE_METHOD_MATCH = YES;
				CODE_SIGN_IDENTITY = "iPhone Developer";
				COPY_PHASE_STRIP = NO;
				DEBUG_INFORMATION_FORMAT = "dwarf-with-dsym";
				ENABLE_NS_ASSERTIONS = NO;
				ENABLE_STRICT_OBJC_MSGSEND = YES;
				GCC_C_LANGUAGE_STANDARD = gnu11;
				GCC_NO_COMMON_BLOCKS = YES;
				GCC_WARN_64_TO_32_BIT_CONVERSION = YES;
				GCC_WARN_ABOUT_RETURN_TYPE = YES_ERROR;
				GCC_WARN_UNDECLARED_SELECTOR = YES;
				GCC_WARN_UNINITIALIZED_AUTOS = YES_AGGRESSIVE;
				GCC_WARN_UNUSED_FUNCTION = YES;
				GCC_WARN_UNUSED_VARIABLE = YES;
				IPHONEOS_DEPLOYMENT_TARGET = 11.2;
				MTL_ENABLE_DEBUG_INFO = NO;
				SDKROOT = iphoneos;
				SWIFT_OPTIMIZATION_LEVEL = "-Owholemodule";
				VALIDATE_PRODUCT = YES;
			};
			name = Release;
		};
		A1F4EF75204DDDB1007ECC6A /* Debug */ = {
			isa = XCBuildConfiguration;
			buildSettings = {
				ASSETCATALOG_COMPILER_APPICON_NAME = AppIcon;
				CODE_SIGN_STYLE = Automatic;
				DEVELOPMENT_TEAM = VL2R3D6A6X;
				INFOPLIST_FILE = FontsNavigationController/Info.plist;
				LD_RUNPATH_SEARCH_PATHS = "$(inherited) @executable_path/Frameworks";
				PRODUCT_BUNDLE_IDENTIFIER = Emily.FontsNavigationController;
				PRODUCT_NAME = "$(TARGET_NAME)";
				SWIFT_VERSION = 4.0;
				TARGETED_DEVICE_FAMILY = "1,2";
			};
			name = Debug;
		};
		A1F4EF76204DDDB1007ECC6A /* Release */ = {
			isa = XCBuildConfiguration;
			buildSettings = {
				ASSETCATALOG_COMPILER_APPICON_NAME = AppIcon;
				CODE_SIGN_STYLE = Automatic;
				DEVELOPMENT_TEAM = VL2R3D6A6X;
				INFOPLIST_FILE = FontsNavigationController/Info.plist;
				LD_RUNPATH_SEARCH_PATHS = "$(inherited) @executable_path/Frameworks";
				PRODUCT_BUNDLE_IDENTIFIER = Emily.FontsNavigationController;
				PRODUCT_NAME = "$(TARGET_NAME)";
				SWIFT_VERSION = 4.0;
				TARGETED_DEVICE_FAMILY = "1,2";
			};
			name = Release;
		};
/* End XCBuildConfiguration section */

/* Begin XCConfigurationList section */
		A1F4EF5D204DDDB1007ECC6A /* Build configuration list for PBXProject "FontsNavigationController" */ = {
			isa = XCConfigurationList;
			buildConfigurations = (
				A1F4EF72204DDDB1007ECC6A /* Debug */,
				A1F4EF73204DDDB1007ECC6A /* Release */,
			);
			defaultConfigurationIsVisible = 0;
			defaultConfigurationName = Release;
		};
		A1F4EF74204DDDB1007ECC6A /* Build configuration list for PBXNativeTarget "FontsNavigationController" */ = {
			isa = XCConfigurationList;
			buildConfigurations = (
				A1F4EF75204DDDB1007ECC6A /* Debug */,
				A1F4EF76204DDDB1007ECC6A /* Release */,
			);
			defaultConfigurationIsVisible = 0;
			defaultConfigurationName = Release;
		};
/* End XCConfigurationList section */
	};
	rootObject = A1F4EF5A204DDDB1007ECC6A /* Project object */;
}
